
Microsoft Visual Studio Solution File, Format Version 12.00
# Visual Studio Version 17
VisualStudioVersion = 17.3.32929.385
MinimumVisualStudioVersion = 10.0.40219.1
Project("{FAE04EC0-301F-11D3-BF4B-00C04F79EFBC}") = "GameMover2000", "GameMover2000\GameMover2000.csproj", "{C07ED2D0-F60C-4DDA-9402-6AE4FB8B53C3}"
EndProject
Project("{FAE04EC0-301F-11D3-BF4B-00C04F79EFBC}") = "GameMover3000", "GameMover3000\GameMover3000.csproj", "{73E32917-DCE7-4218-957C-26E03462971B}"
EndProject
Global
	GlobalSection(SolutionConfigurationPlatforms) = preSolution
		Debug|Any CPU = Debug|Any CPU
		Release|Any CPU = Release|Any CPU
	EndGlobalSection
	GlobalSection(ProjectConfigurationPlatforms) = postSolution
		{C07ED2D0-F60C-4DDA-9402-6AE4FB8B53C3}.Debug|Any CPU.ActiveCfg = Debug|Any CPU
		{C07ED2D0-F60C-4DDA-9402-6AE4FB8B53C3}.Debug|Any CPU.Build.0 = Debug|Any CPU
		{C07ED2D0-F60C-4DDA-9402-6AE4FB8B53C3}.Release|Any CPU.ActiveCfg = Release|Any CPU
		{C07ED2D0-F60C-4DDA-9402-6AE4FB8B53C3}.Release|Any CPU.Build.0 = Release|Any CPU
		{73E32917-DCE7-4218-957C-26E03462971B}.Debug|Any CPU.ActiveCfg = Debug|Any CPU
		{73E32917-DCE7-4218-957C-26E03462971B}.Debug|Any CPU.Build.0 = Debug|Any CPU
		{73E32917-DCE7-4218-957C-26E03462971B}.Release|Any CPU.ActiveCfg = Release|Any CPU
		{73E32917-DCE7-4218-957C-26E03462971B}.Release|Any CPU.Build.0 = Release|Any CPU
	EndGlobalSection
	GlobalSection(SolutionProperties) = preSolution
		HideSolutionNode = FALSE
	EndGlobalSection
	GlobalSection(ExtensibilityGlobals) = postSolution
		SolutionGuid = {D6B86CD7-85DF-42F4-8982-A05A199FE888}
	EndGlobalSection
EndGlobal
